// !$*UTF8*$!
{
	archiveVersion = 1;
	classes = {
	};
	objectVersion = 56;
	objects = {

/* Begin PBXBuildFile section */
		9C4245332A31D31200B6016B /* tendableTestApp.swift in Sources */ = {isa = PBXBuildFile; fileRef = 9C4245322A31D31200B6016B /* tendableTestApp.swift */; };
		9C4245352A31D31200B6016B /* LoginView.swift in Sources */ = {isa = PBXBuildFile; fileRef = 9C4245342A31D31200B6016B /* LoginView.swift */; };
		9C4245372A31D31300B6016B /* Assets.xcassets in Resources */ = {isa = PBXBuildFile; fileRef = 9C4245362A31D31300B6016B /* Assets.xcassets */; };
		9C42453A2A31D31300B6016B /* Preview Assets.xcassets in Resources */ = {isa = PBXBuildFile; fileRef = 9C4245392A31D31300B6016B /* Preview Assets.xcassets */; };
		9C4245442A31D31300B6016B /* tendableTestTests.swift in Sources */ = {isa = PBXBuildFile; fileRef = 9C4245432A31D31300B6016B /* tendableTestTests.swift */; };
		9C42454E2A31D31300B6016B /* tendableTestUITests.swift in Sources */ = {isa = PBXBuildFile; fileRef = 9C42454D2A31D31300B6016B /* tendableTestUITests.swift */; };
		9C4245502A31D31300B6016B /* tendableTestUITestsLaunchTests.swift in Sources */ = {isa = PBXBuildFile; fileRef = 9C42454F2A31D31300B6016B /* tendableTestUITestsLaunchTests.swift */; };
		9C4245612A31D41000B6016B /* Requestable.swift in Sources */ = {isa = PBXBuildFile; fileRef = 9C42455D2A31D41000B6016B /* Requestable.swift */; };
		9C4245622A31D41000B6016B /* NetworkRequest.swift in Sources */ = {isa = PBXBuildFile; fileRef = 9C42455E2A31D41000B6016B /* NetworkRequest.swift */; };
		9C4245632A31D41000B6016B /* NativeRequestable.swift in Sources */ = {isa = PBXBuildFile; fileRef = 9C42455F2A31D41000B6016B /* NativeRequestable.swift */; };
		9C4245642A31D41000B6016B /* Environment.swift in Sources */ = {isa = PBXBuildFile; fileRef = 9C4245602A31D41000B6016B /* Environment.swift */; };
		9C4245672A31D4ED00B6016B /* Constants.swift in Sources */ = {isa = PBXBuildFile; fileRef = 9C4245662A31D4ED00B6016B /* Constants.swift */; };
		9C42456A2A32BE2600B6016B /* UserAuth.swift in Sources */ = {isa = PBXBuildFile; fileRef = 9C4245692A32BE2600B6016B /* UserAuth.swift */; };
		9C42456E2A32BF3900B6016B /* ServiceEndpoints.swift in Sources */ = {isa = PBXBuildFile; fileRef = 9C42456C2A32BF3900B6016B /* ServiceEndpoints.swift */; };
		9C42456F2A32BF3900B6016B /* AuthService.swift in Sources */ = {isa = PBXBuildFile; fileRef = 9C42456D2A32BF3900B6016B /* AuthService.swift */; };
		9C4245782A32CD9300B6016B /* SurveyViewModel.swift in Sources */ = {isa = PBXBuildFile; fileRef = 9C4245772A32CD9300B6016B /* SurveyViewModel.swift */; };
		9C4245812A32CE0F00B6016B /* Questions.swift in Sources */ = {isa = PBXBuildFile; fileRef = 9C4245792A32CE0F00B6016B /* Questions.swift */; };
		9C4245822A32CE0F00B6016B /* Categories.swift in Sources */ = {isa = PBXBuildFile; fileRef = 9C42457A2A32CE0F00B6016B /* Categories.swift */; };
		9C4245852A32CE0F00B6016B /* Survey.swift in Sources */ = {isa = PBXBuildFile; fileRef = 9C42457D2A32CE0F00B6016B /* Survey.swift */; };
		9C4245862A32CE0F00B6016B /* AnswerChoices.swift in Sources */ = {isa = PBXBuildFile; fileRef = 9C42457E2A32CE0F00B6016B /* AnswerChoices.swift */; };
		9C42458A2A3308DD00B6016B /* SurveyService.swift in Sources */ = {isa = PBXBuildFile; fileRef = 9C4245892A3308DD00B6016B /* SurveyService.swift */; };
		CF5733DC2A37E15D00CC06A6 /* InspectionModels.swift in Sources */ = {isa = PBXBuildFile; fileRef = CF5733DB2A37E15D00CC06A6 /* InspectionModels.swift */; };
		CF5733DE2A37E2C200CC06A6 /* InspectionView.swift in Sources */ = {isa = PBXBuildFile; fileRef = CF5733DD2A37E2C200CC06A6 /* InspectionView.swift */; };
		CF5733E02A37EAE200CC06A6 /* InspectionViewModel.swift in Sources */ = {isa = PBXBuildFile; fileRef = CF5733DF2A37EAE200CC06A6 /* InspectionViewModel.swift */; };
		CF5733E32A37EB1B00CC06A6 /* questions.json in Resources */ = {isa = PBXBuildFile; fileRef = CF5733E22A37EB1B00CC06A6 /* questions.json */; };
		CF5733E62A37F46B00CC06A6 /* SubmitView.swift in Sources */ = {isa = PBXBuildFile; fileRef = CF5733E52A37F46B00CC06A6 /* SubmitView.swift */; };
		CF5733E82A37F87A00CC06A6 /* SubmitViewModel.swift in Sources */ = {isa = PBXBuildFile; fileRef = CF5733E72A37F87A00CC06A6 /* SubmitViewModel.swift */; };
		CF5733EB2A37FBB700CC06A6 /* SubmitCoordinator.swift in Sources */ = {isa = PBXBuildFile; fileRef = CF5733EA2A37FBB700CC06A6 /* SubmitCoordinator.swift */; };
		CF5733ED2A37FBEB00CC06A6 /* Coordinator.swift in Sources */ = {isa = PBXBuildFile; fileRef = CF5733EC2A37FBEB00CC06A6 /* Coordinator.swift */; };
		CF5733EF2A37FC6F00CC06A6 /* InspectionCoordinator.swift in Sources */ = {isa = PBXBuildFile; fileRef = CF5733EE2A37FC6F00CC06A6 /* InspectionCoordinator.swift */; };
/* End PBXBuildFile section */

/* Begin PBXContainerItemProxy section */
		9C4245402A31D31300B6016B /* PBXContainerItemProxy */ = {
			isa = PBXContainerItemProxy;
			containerPortal = 9C4245272A31D31100B6016B /* Project object */;
			proxyType = 1;
			remoteGlobalIDString = 9C42452E2A31D31200B6016B;
			remoteInfo = tendableTest;
		};
		9C42454A2A31D31300B6016B /* PBXContainerItemProxy */ = {
			isa = PBXContainerItemProxy;
			containerPortal = 9C4245272A31D31100B6016B /* Project object */;
			proxyType = 1;
			remoteGlobalIDString = 9C42452E2A31D31200B6016B;
			remoteInfo = tendableTest;
		};
/* End PBXContainerItemProxy section */

/* Begin PBXFileReference section */
		9C42452F2A31D31200B6016B /* tendableTest.app */ = {isa = PBXFileReference; explicitFileType = wrapper.application; includeInIndex = 0; path = tendableTest.app; sourceTree = BUILT_PRODUCTS_DIR; };
		9C4245322A31D31200B6016B /* tendableTestApp.swift */ = {isa = PBXFileReference; lastKnownFileType = sourcecode.swift; path = tendableTestApp.swift; sourceTree = "<group>"; };
		9C4245342A31D31200B6016B /* LoginView.swift */ = {isa = PBXFileReference; lastKnownFileType = sourcecode.swift; path = LoginView.swift; sourceTree = "<group>"; };
		9C4245362A31D31300B6016B /* Assets.xcassets */ = {isa = PBXFileReference; lastKnownFileType = folder.assetcatalog; path = Assets.xcassets; sourceTree = "<group>"; };
		9C4245392A31D31300B6016B /* Preview Assets.xcassets */ = {isa = PBXFileReference; lastKnownFileType = folder.assetcatalog; path = "Preview Assets.xcassets"; sourceTree = "<group>"; };
		9C42453F2A31D31300B6016B /* tendableTestTests.xctest */ = {isa = PBXFileReference; explicitFileType = wrapper.cfbundle; includeInIndex = 0; path = tendableTestTests.xctest; sourceTree = BUILT_PRODUCTS_DIR; };
		9C4245432A31D31300B6016B /* tendableTestTests.swift */ = {isa = PBXFileReference; lastKnownFileType = sourcecode.swift; path = tendableTestTests.swift; sourceTree = "<group>"; };
		9C4245492A31D31300B6016B /* tendableTestUITests.xctest */ = {isa = PBXFileReference; explicitFileType = wrapper.cfbundle; includeInIndex = 0; path = tendableTestUITests.xctest; sourceTree = BUILT_PRODUCTS_DIR; };
		9C42454D2A31D31300B6016B /* tendableTestUITests.swift */ = {isa = PBXFileReference; lastKnownFileType = sourcecode.swift; path = tendableTestUITests.swift; sourceTree = "<group>"; };
		9C42454F2A31D31300B6016B /* tendableTestUITestsLaunchTests.swift */ = {isa = PBXFileReference; lastKnownFileType = sourcecode.swift; path = tendableTestUITestsLaunchTests.swift; sourceTree = "<group>"; };
		9C42455D2A31D41000B6016B /* Requestable.swift */ = {isa = PBXFileReference; fileEncoding = 4; lastKnownFileType = sourcecode.swift; path = Requestable.swift; sourceTree = "<group>"; };
		9C42455E2A31D41000B6016B /* NetworkRequest.swift */ = {isa = PBXFileReference; fileEncoding = 4; lastKnownFileType = sourcecode.swift; path = NetworkRequest.swift; sourceTree = "<group>"; };
		9C42455F2A31D41000B6016B /* NativeRequestable.swift */ = {isa = PBXFileReference; fileEncoding = 4; lastKnownFileType = sourcecode.swift; path = NativeRequestable.swift; sourceTree = "<group>"; };
		9C4245602A31D41000B6016B /* Environment.swift */ = {isa = PBXFileReference; fileEncoding = 4; lastKnownFileType = sourcecode.swift; path = Environment.swift; sourceTree = "<group>"; };
		9C4245662A31D4ED00B6016B /* Constants.swift */ = {isa = PBXFileReference; fileEncoding = 4; lastKnownFileType = sourcecode.swift; path = Constants.swift; sourceTree = "<group>"; };
		9C4245692A32BE2600B6016B /* UserAuth.swift */ = {isa = PBXFileReference; fileEncoding = 4; lastKnownFileType = sourcecode.swift; path = UserAuth.swift; sourceTree = "<group>"; };
		9C42456C2A32BF3900B6016B /* ServiceEndpoints.swift */ = {isa = PBXFileReference; fileEncoding = 4; lastKnownFileType = sourcecode.swift; path = ServiceEndpoints.swift; sourceTree = "<group>"; };
		9C42456D2A32BF3900B6016B /* AuthService.swift */ = {isa = PBXFileReference; fileEncoding = 4; lastKnownFileType = sourcecode.swift; path = AuthService.swift; sourceTree = "<group>"; };
		9C4245772A32CD9300B6016B /* SurveyViewModel.swift */ = {isa = PBXFileReference; lastKnownFileType = sourcecode.swift; path = SurveyViewModel.swift; sourceTree = "<group>"; };
		9C4245792A32CE0F00B6016B /* Questions.swift */ = {isa = PBXFileReference; fileEncoding = 4; lastKnownFileType = sourcecode.swift; path = Questions.swift; sourceTree = "<group>"; };
		9C42457A2A32CE0F00B6016B /* Categories.swift */ = {isa = PBXFileReference; fileEncoding = 4; lastKnownFileType = sourcecode.swift; path = Categories.swift; sourceTree = "<group>"; };
		9C42457D2A32CE0F00B6016B /* Survey.swift */ = {isa = PBXFileReference; fileEncoding = 4; lastKnownFileType = sourcecode.swift; path = Survey.swift; sourceTree = "<group>"; };
		9C42457E2A32CE0F00B6016B /* AnswerChoices.swift */ = {isa = PBXFileReference; fileEncoding = 4; lastKnownFileType = sourcecode.swift; path = AnswerChoices.swift; sourceTree = "<group>"; };
		9C4245892A3308DD00B6016B /* SurveyService.swift */ = {isa = PBXFileReference; lastKnownFileType = sourcecode.swift; path = SurveyService.swift; sourceTree = "<group>"; };
		CF5733DB2A37E15D00CC06A6 /* InspectionModels.swift */ = {isa = PBXFileReference; lastKnownFileType = sourcecode.swift; path = InspectionModels.swift; sourceTree = "<group>"; };
		CF5733DD2A37E2C200CC06A6 /* InspectionView.swift */ = {isa = PBXFileReference; lastKnownFileType = sourcecode.swift; path = InspectionView.swift; sourceTree = "<group>"; };
		CF5733DF2A37EAE200CC06A6 /* InspectionViewModel.swift */ = {isa = PBXFileReference; lastKnownFileType = sourcecode.swift; path = InspectionViewModel.swift; sourceTree = "<group>"; };
		CF5733E22A37EB1B00CC06A6 /* questions.json */ = {isa = PBXFileReference; fileEncoding = 4; lastKnownFileType = text.json; path = questions.json; sourceTree = "<group>"; };
		CF5733E52A37F46B00CC06A6 /* SubmitView.swift */ = {isa = PBXFileReference; lastKnownFileType = sourcecode.swift; path = SubmitView.swift; sourceTree = "<group>"; };
		CF5733E72A37F87A00CC06A6 /* SubmitViewModel.swift */ = {isa = PBXFileReference; lastKnownFileType = sourcecode.swift; path = SubmitViewModel.swift; sourceTree = "<group>"; };
		CF5733EA2A37FBB700CC06A6 /* SubmitCoordinator.swift */ = {isa = PBXFileReference; lastKnownFileType = sourcecode.swift; path = SubmitCoordinator.swift; sourceTree = "<group>"; };
		CF5733EC2A37FBEB00CC06A6 /* Coordinator.swift */ = {isa = PBXFileReference; lastKnownFileType = sourcecode.swift; path = Coordinator.swift; sourceTree = "<group>"; };
		CF5733EE2A37FC6F00CC06A6 /* InspectionCoordinator.swift */ = {isa = PBXFileReference; lastKnownFileType = sourcecode.swift; path = InspectionCoordinator.swift; sourceTree = "<group>"; };
/* End PBXFileReference section */

/* Begin PBXFrameworksBuildPhase section */
		9C42452C2A31D31200B6016B /* Frameworks */ = {
			isa = PBXFrameworksBuildPhase;
			buildActionMask = 2147483647;
			files = (
			);
			runOnlyForDeploymentPostprocessing = 0;
		};
		9C42453C2A31D31300B6016B /* Frameworks */ = {
			isa = PBXFrameworksBuildPhase;
			buildActionMask = 2147483647;
			files = (
			);
			runOnlyForDeploymentPostprocessing = 0;
		};
		9C4245462A31D31300B6016B /* Frameworks */ = {
			isa = PBXFrameworksBuildPhase;
			buildActionMask = 2147483647;
			files = (
			);
			runOnlyForDeploymentPostprocessing = 0;
		};
/* End PBXFrameworksBuildPhase section */

/* Begin PBXGroup section */
		9C4245262A31D31100B6016B = {
			isa = PBXGroup;
			children = (
				9C4245312A31D31200B6016B /* tendableTest */,
				9C4245422A31D31300B6016B /* tendableTestTests */,
				9C42454C2A31D31300B6016B /* tendableTestUITests */,
				9C4245302A31D31200B6016B /* Products */,
			);
			sourceTree = "<group>";
		};
		9C4245302A31D31200B6016B /* Products */ = {
			isa = PBXGroup;
			children = (
				9C42452F2A31D31200B6016B /* tendableTest.app */,
				9C42453F2A31D31300B6016B /* tendableTestTests.xctest */,
				9C4245492A31D31300B6016B /* tendableTestUITests.xctest */,
			);
			name = Products;
			sourceTree = "<group>";
		};
		9C4245312A31D31200B6016B /* tendableTest */ = {
			isa = PBXGroup;
			children = (
				CF5733E42A37F45A00CC06A6 /* SubmitView */,
				CF5733DA2A3788A300CC06A6 /* InspectionView */,
				9C4245762A32CA9900B6016B /* SurveyModels */,
				9C4245682A32BDFB00B6016B /* ViewModels */,
				9C4245652A31D41E00B6016B /* Utility */,
				9C42455C2A31D3B200B6016B /* NetWorkHnadler */,
				CF5733E12A37EB0B00CC06A6 /* MockJson */,
				9C4245322A31D31200B6016B /* tendableTestApp.swift */,
				9C4245342A31D31200B6016B /* LoginView.swift */,
				9C4245362A31D31300B6016B /* Assets.xcassets */,
				9C4245382A31D31300B6016B /* Preview Content */,
				CF5733EC2A37FBEB00CC06A6 /* Coordinator.swift */,
			);
			path = tendableTest;
			sourceTree = "<group>";
		};
		9C4245382A31D31300B6016B /* Preview Content */ = {
			isa = PBXGroup;
			children = (
				9C4245392A31D31300B6016B /* Preview Assets.xcassets */,
			);
			path = "Preview Content";
			sourceTree = "<group>";
		};
		9C4245422A31D31300B6016B /* tendableTestTests */ = {
			isa = PBXGroup;
			children = (
				9C4245432A31D31300B6016B /* tendableTestTests.swift */,
			);
			path = tendableTestTests;
			sourceTree = "<group>";
		};
		9C42454C2A31D31300B6016B /* tendableTestUITests */ = {
			isa = PBXGroup;
			children = (
				9C42454D2A31D31300B6016B /* tendableTestUITests.swift */,
				9C42454F2A31D31300B6016B /* tendableTestUITestsLaunchTests.swift */,
			);
			path = tendableTestUITests;
			sourceTree = "<group>";
		};
		9C42455C2A31D3B200B6016B /* NetWorkHnadler */ = {
			isa = PBXGroup;
			children = (
				9C42456B2A32BF2100B6016B /* Services */,
				9C4245602A31D41000B6016B /* Environment.swift */,
				9C42455F2A31D41000B6016B /* NativeRequestable.swift */,
				9C42455E2A31D41000B6016B /* NetworkRequest.swift */,
				9C42455D2A31D41000B6016B /* Requestable.swift */,
			);
			path = NetWorkHnadler;
			sourceTree = "<group>";
		};
		9C4245652A31D41E00B6016B /* Utility */ = {
			isa = PBXGroup;
			children = (
				9C4245662A31D4ED00B6016B /* Constants.swift */,
			);
			path = Utility;
			sourceTree = "<group>";
		};
		9C4245682A32BDFB00B6016B /* ViewModels */ = {
			isa = PBXGroup;
			children = (
				9C4245692A32BE2600B6016B /* UserAuth.swift */,
				9C4245772A32CD9300B6016B /* SurveyViewModel.swift */,
			);
			path = ViewModels;
			sourceTree = "<group>";
		};
		9C42456B2A32BF2100B6016B /* Services */ = {
			isa = PBXGroup;
			children = (
				9C42456D2A32BF3900B6016B /* AuthService.swift */,
				9C4245892A3308DD00B6016B /* SurveyService.swift */,
				9C42456C2A32BF3900B6016B /* ServiceEndpoints.swift */,
			);
			path = Services;
			sourceTree = "<group>";
		};
		9C4245762A32CA9900B6016B /* SurveyModels */ = {
			isa = PBXGroup;
			children = (
				9C42457E2A32CE0F00B6016B /* AnswerChoices.swift */,
				9C42457A2A32CE0F00B6016B /* Categories.swift */,
				9C4245792A32CE0F00B6016B /* Questions.swift */,
				9C42457D2A32CE0F00B6016B /* Survey.swift */,
			);
			path = SurveyModels;
			sourceTree = "<group>";
		};
		CF5733DA2A3788A300CC06A6 /* InspectionView */ = {
			isa = PBXGroup;
			children = (
				CF5733DB2A37E15D00CC06A6 /* InspectionModels.swift */,
				CF5733DD2A37E2C200CC06A6 /* InspectionView.swift */,
				CF5733DF2A37EAE200CC06A6 /* InspectionViewModel.swift */,
				CF5733EE2A37FC6F00CC06A6 /* InspectionCoordinator.swift */,
			);
			path = InspectionView;
			sourceTree = "<group>";
		};
		CF5733E12A37EB0B00CC06A6 /* MockJson */ = {
			isa = PBXGroup;
			children = (
				CF5733E22A37EB1B00CC06A6 /* questions.json */,
			);
			path = MockJson;
			sourceTree = "<group>";
		};
		CF5733E42A37F45A00CC06A6 /* SubmitView */ = {
			isa = PBXGroup;
			children = (
				CF5733E52A37F46B00CC06A6 /* SubmitView.swift */,
				CF5733E72A37F87A00CC06A6 /* SubmitViewModel.swift */,
				CF5733EA2A37FBB700CC06A6 /* SubmitCoordinator.swift */,
			);
			path = SubmitView;
			sourceTree = "<group>";
		};
/* End PBXGroup section */

/* Begin PBXNativeTarget section */
		9C42452E2A31D31200B6016B /* tendableTest */ = {
			isa = PBXNativeTarget;
			buildConfigurationList = 9C4245532A31D31300B6016B /* Build configuration list for PBXNativeTarget "tendableTest" */;
			buildPhases = (
				9C42452B2A31D31200B6016B /* Sources */,
				9C42452C2A31D31200B6016B /* Frameworks */,
				9C42452D2A31D31200B6016B /* Resources */,
			);
			buildRules = (
			);
			dependencies = (
			);
			name = tendableTest;
			productName = tendableTest;
			productReference = 9C42452F2A31D31200B6016B /* tendableTest.app */;
			productType = "com.apple.product-type.application";
		};
		9C42453E2A31D31300B6016B /* tendableTestTests */ = {
			isa = PBXNativeTarget;
			buildConfigurationList = 9C4245562A31D31300B6016B /* Build configuration list for PBXNativeTarget "tendableTestTests" */;
			buildPhases = (
				9C42453B2A31D31300B6016B /* Sources */,
				9C42453C2A31D31300B6016B /* Frameworks */,
				9C42453D2A31D31300B6016B /* Resources */,
			);
			buildRules = (
			);
			dependencies = (
				9C4245412A31D31300B6016B /* PBXTargetDependency */,
			);
			name = tendableTestTests;
			productName = tendableTestTests;
			productReference = 9C42453F2A31D31300B6016B /* tendableTestTests.xctest */;
			productType = "com.apple.product-type.bundle.unit-test";
		};
		9C4245482A31D31300B6016B /* tendableTestUITests */ = {
			isa = PBXNativeTarget;
			buildConfigurationList = 9C4245592A31D31300B6016B /* Build configuration list for PBXNativeTarget "tendableTestUITests" */;
			buildPhases = (
				9C4245452A31D31300B6016B /* Sources */,
				9C4245462A31D31300B6016B /* Frameworks */,
				9C4245472A31D31300B6016B /* Resources */,
			);
			buildRules = (
			);
			dependencies = (
				9C42454B2A31D31300B6016B /* PBXTargetDependency */,
			);
			name = tendableTestUITests;
			productName = tendableTestUITests;
			productReference = 9C4245492A31D31300B6016B /* tendableTestUITests.xctest */;
			productType = "com.apple.product-type.bundle.ui-testing";
		};
/* End PBXNativeTarget section */

/* Begin PBXProject section */
		9C4245272A31D31100B6016B /* Project object */ = {
			isa = PBXProject;
			attributes = {
				BuildIndependentTargetsInParallel = 1;
				LastSwiftUpdateCheck = 1430;
				LastUpgradeCheck = 1430;
				TargetAttributes = {
					9C42452E2A31D31200B6016B = {
						CreatedOnToolsVersion = 14.3;
					};
					9C42453E2A31D31300B6016B = {
						CreatedOnToolsVersion = 14.3;
						TestTargetID = 9C42452E2A31D31200B6016B;
					};
					9C4245482A31D31300B6016B = {
						CreatedOnToolsVersion = 14.3;
						TestTargetID = 9C42452E2A31D31200B6016B;
					};
				};
			};
			buildConfigurationList = 9C42452A2A31D31100B6016B /* Build configuration list for PBXProject "tendableTest" */;
			compatibilityVersion = "Xcode 14.0";
			developmentRegion = en;
			hasScannedForEncodings = 0;
			knownRegions = (
				en,
				Base,
			);
			mainGroup = 9C4245262A31D31100B6016B;
			productRefGroup = 9C4245302A31D31200B6016B /* Products */;
			projectDirPath = "";
			projectRoot = "";
			targets = (
				9C42452E2A31D31200B6016B /* tendableTest */,
				9C42453E2A31D31300B6016B /* tendableTestTests */,
				9C4245482A31D31300B6016B /* tendableTestUITests */,
			);
		};
/* End PBXProject section */

/* Begin PBXResourcesBuildPhase section */
		9C42452D2A31D31200B6016B /* Resources */ = {
			isa = PBXResourcesBuildPhase;
			buildActionMask = 2147483647;
			files = (
				CF5733E32A37EB1B00CC06A6 /* questions.json in Resources */,
				9C42453A2A31D31300B6016B /* Preview Assets.xcassets in Resources */,
				9C4245372A31D31300B6016B /* Assets.xcassets in Resources */,
			);
			runOnlyForDeploymentPostprocessing = 0;
		};
		9C42453D2A31D31300B6016B /* Resources */ = {
			isa = PBXResourcesBuildPhase;
			buildActionMask = 2147483647;
			files = (
			);
			runOnlyForDeploymentPostprocessing = 0;
		};
		9C4245472A31D31300B6016B /* Resources */ = {
			isa = PBXResourcesBuildPhase;
			buildActionMask = 2147483647;
			files = (
			);
			runOnlyForDeploymentPostprocessing = 0;
		};
/* End PBXResourcesBuildPhase section */

/* Begin PBXSourcesBuildPhase section */
		9C42452B2A31D31200B6016B /* Sources */ = {
			isa = PBXSourcesBuildPhase;
			buildActionMask = 2147483647;
			files = (
				9C4245612A31D41000B6016B /* Requestable.swift in Sources */,
				CF5733DE2A37E2C200CC06A6 /* InspectionView.swift in Sources */,
				CF5733E62A37F46B00CC06A6 /* SubmitView.swift in Sources */,
				CF5733EB2A37FBB700CC06A6 /* SubmitCoordinator.swift in Sources */,
				CF5733DC2A37E15D00CC06A6 /* InspectionModels.swift in Sources */,
				9C4245782A32CD9300B6016B /* SurveyViewModel.swift in Sources */,
				CF5733E02A37EAE200CC06A6 /* InspectionViewModel.swift in Sources */,
				9C4245822A32CE0F00B6016B /* Categories.swift in Sources */,
				9C4245642A31D41000B6016B /* Environment.swift in Sources */,
				9C4245812A32CE0F00B6016B /* Questions.swift in Sources */,
				9C42456A2A32BE2600B6016B /* UserAuth.swift in Sources */,
				9C4245352A31D31200B6016B /* LoginView.swift in Sources */,
				9C42456E2A32BF3900B6016B /* ServiceEndpoints.swift in Sources */,
				9C4245852A32CE0F00B6016B /* Survey.swift in Sources */,
				9C42458A2A3308DD00B6016B /* SurveyService.swift in Sources */,
				CF5733E82A37F87A00CC06A6 /* SubmitViewModel.swift in Sources */,
				9C4245622A31D41000B6016B /* NetworkRequest.swift in Sources */,
				9C4245672A31D4ED00B6016B /* Constants.swift in Sources */,
				CF5733ED2A37FBEB00CC06A6 /* Coordinator.swift in Sources */,
				9C42456F2A32BF3900B6016B /* AuthService.swift in Sources */,
				9C4245332A31D31200B6016B /* tendableTestApp.swift in Sources */,
				9C4245862A32CE0F00B6016B /* AnswerChoices.swift in Sources */,
				9C4245632A31D41000B6016B /* NativeRequestable.swift in Sources */,
				CF5733EF2A37FC6F00CC06A6 /* InspectionCoordinator.swift in Sources */,
			);
			runOnlyForDeploymentPostprocessing = 0;
		};
		9C42453B2A31D31300B6016B /* Sources */ = {
			isa = PBXSourcesBuildPhase;
			buildActionMask = 2147483647;
			files = (
				9C4245442A31D31300B6016B /* tendableTestTests.swift in Sources */,
			);
			runOnlyForDeploymentPostprocessing = 0;
		};
		9C4245452A31D31300B6016B /* Sources */ = {
			isa = PBXSourcesBuildPhase;
			buildActionMask = 2147483647;
			files = (
				9C42454E2A31D31300B6016B /* tendableTestUITests.swift in Sources */,
				9C4245502A31D31300B6016B /* tendableTestUITestsLaunchTests.swift in Sources */,
			);
			runOnlyForDeploymentPostprocessing = 0;
		};
/* End PBXSourcesBuildPhase section */

/* Begin PBXTargetDependency section */
		9C4245412A31D31300B6016B /* PBXTargetDependency */ = {
			isa = PBXTargetDependency;
			target = 9C42452E2A31D31200B6016B /* tendableTest */;
			targetProxy = 9C4245402A31D31300B6016B /* PBXContainerItemProxy */;
		};
		9C42454B2A31D31300B6016B /* PBXTargetDependency */ = {
			isa = PBXTargetDependency;
			target = 9C42452E2A31D31200B6016B /* tendableTest */;
			targetProxy = 9C42454A2A31D31300B6016B /* PBXContainerItemProxy */;
		};
/* End PBXTargetDependency section */

/* Begin XCBuildConfiguration section */
		9C4245512A31D31300B6016B /* Debug */ = {
			isa = XCBuildConfiguration;
			buildSettings = {
				ALWAYS_SEARCH_USER_PATHS = NO;
				CLANG_ANALYZER_NONNULL = YES;
				CLANG_ANALYZER_NUMBER_OBJECT_CONVERSION = YES_AGGRESSIVE;
				CLANG_CXX_LANGUAGE_STANDARD = "gnu++20";
				CLANG_ENABLE_MODULES = YES;
				CLANG_ENABLE_OBJC_ARC = YES;
				CLANG_ENABLE_OBJC_WEAK = YES;
				CLANG_WARN_BLOCK_CAPTURE_AUTORELEASING = YES;
				CLANG_WARN_BOOL_CONVERSION = YES;
				CLANG_WARN_COMMA = YES;
				CLANG_WARN_CONSTANT_CONVERSION = YES;
				CLANG_WARN_DEPRECATED_OBJC_IMPLEMENTATIONS = YES;
				CLANG_WARN_DIRECT_OBJC_ISA_USAGE = YES_ERROR;
				CLANG_WARN_DOCUMENTATION_COMMENTS = YES;
				CLANG_WARN_EMPTY_BODY = YES;
				CLANG_WARN_ENUM_CONVERSION = YES;
				CLANG_WARN_INFINITE_RECURSION = YES;
				CLANG_WARN_INT_CONVERSION = YES;
				CLANG_WARN_NON_LITERAL_NULL_CONVERSION = YES;
				CLANG_WARN_OBJC_IMPLICIT_RETAIN_SELF = YES;
				CLANG_WARN_OBJC_LITERAL_CONVERSION = YES;
				CLANG_WARN_OBJC_ROOT_CLASS = YES_ERROR;
				CLANG_WARN_QUOTED_INCLUDE_IN_FRAMEWORK_HEADER = YES;
				CLANG_WARN_RANGE_LOOP_ANALYSIS = YES;
				CLANG_WARN_STRICT_PROTOTYPES = YES;
				CLANG_WARN_SUSPICIOUS_MOVE = YES;
				CLANG_WARN_UNGUARDED_AVAILABILITY = YES_AGGRESSIVE;
				CLANG_WARN_UNREACHABLE_CODE = YES;
				CLANG_WARN__DUPLICATE_METHOD_MATCH = YES;
				COPY_PHASE_STRIP = NO;
				DEBUG_INFORMATION_FORMAT = dwarf;
				ENABLE_STRICT_OBJC_MSGSEND = YES;
				ENABLE_TESTABILITY = YES;
				GCC_C_LANGUAGE_STANDARD = gnu11;
				GCC_DYNAMIC_NO_PIC = NO;
				GCC_NO_COMMON_BLOCKS = YES;
				GCC_OPTIMIZATION_LEVEL = 0;
				GCC_PREPROCESSOR_DEFINITIONS = (
					"DEBUG=1",
					"$(inherited)",
				);
				GCC_WARN_64_TO_32_BIT_CONVERSION = YES;
				GCC_WARN_ABOUT_RETURN_TYPE = YES_ERROR;
				GCC_WARN_UNDECLARED_SELECTOR = YES;
				GCC_WARN_UNINITIALIZED_AUTOS = YES_AGGRESSIVE;
				GCC_WARN_UNUSED_FUNCTION = YES;
				GCC_WARN_UNUSED_VARIABLE = YES;
				IPHONEOS_DEPLOYMENT_TARGET = 16.4;
				MTL_ENABLE_DEBUG_INFO = INCLUDE_SOURCE;
				MTL_FAST_MATH = YES;
				ONLY_ACTIVE_ARCH = YES;
				SDKROOT = iphoneos;
				SWIFT_ACTIVE_COMPILATION_CONDITIONS = DEBUG;
				SWIFT_OPTIMIZATION_LEVEL = "-Onone";
			};
			name = Debug;
		};
		9C4245522A31D31300B6016B /* Release */ = {
			isa = XCBuildConfiguration;
			buildSettings = {
				ALWAYS_SEARCH_USER_PATHS = NO;
				CLANG_ANALYZER_NONNULL = YES;
				CLANG_ANALYZER_NUMBER_OBJECT_CONVERSION = YES_AGGRESSIVE;
				CLANG_CXX_LANGUAGE_STANDARD = "gnu++20";
				CLANG_ENABLE_MODULES = YES;
				CLANG_ENABLE_OBJC_ARC = YES;
				CLANG_ENABLE_OBJC_WEAK = YES;
				CLANG_WARN_BLOCK_CAPTURE_AUTORELEASING = YES;
				CLANG_WARN_BOOL_CONVERSION = YES;
				CLANG_WARN_COMMA = YES;
				CLANG_WARN_CONSTANT_CONVERSION = YES;
				CLANG_WARN_DEPRECATED_OBJC_IMPLEMENTATIONS = YES;
				CLANG_WARN_DIRECT_OBJC_ISA_USAGE = YES_ERROR;
				CLANG_WARN_DOCUMENTATION_COMMENTS = YES;
				CLANG_WARN_EMPTY_BODY = YES;
				CLANG_WARN_ENUM_CONVERSION = YES;
				CLANG_WARN_INFINITE_RECURSION = YES;
				CLANG_WARN_INT_CONVERSION = YES;
				CLANG_WARN_NON_LITERAL_NULL_CONVERSION = YES;
				CLANG_WARN_OBJC_IMPLICIT_RETAIN_SELF = YES;
				CLANG_WARN_OBJC_LITERAL_CONVERSION = YES;
				CLANG_WARN_OBJC_ROOT_CLASS = YES_ERROR;
				CLANG_WARN_QUOTED_INCLUDE_IN_FRAMEWORK_HEADER = YES;
				CLANG_WARN_RANGE_LOOP_ANALYSIS = YES;
				CLANG_WARN_STRICT_PROTOTYPES = YES;
				CLANG_WARN_SUSPICIOUS_MOVE = YES;
				CLANG_WARN_UNGUARDED_AVAILABILITY = YES_AGGRESSIVE;
				CLANG_WARN_UNREACHABLE_CODE = YES;
				CLANG_WARN__DUPLICATE_METHOD_MATCH = YES;
				COPY_PHASE_STRIP = NO;
				DEBUG_INFORMATION_FORMAT = "dwarf-with-dsym";
				ENABLE_NS_ASSERTIONS = NO;
				ENABLE_STRICT_OBJC_MSGSEND = YES;
				GCC_C_LANGUAGE_STANDARD = gnu11;
				GCC_NO_COMMON_BLOCKS = YES;
				GCC_WARN_64_TO_32_BIT_CONVERSION = YES;
				GCC_WARN_ABOUT_RETURN_TYPE = YES_ERROR;
				GCC_WARN_UNDECLARED_SELECTOR = YES;
				GCC_WARN_UNINITIALIZED_AUTOS = YES_AGGRESSIVE;
				GCC_WARN_UNUSED_FUNCTION = YES;
				GCC_WARN_UNUSED_VARIABLE = YES;
				IPHONEOS_DEPLOYMENT_TARGET = 16.4;
				MTL_ENABLE_DEBUG_INFO = NO;
				MTL_FAST_MATH = YES;
				SDKROOT = iphoneos;
				SWIFT_COMPILATION_MODE = wholemodule;
				SWIFT_OPTIMIZATION_LEVEL = "-O";
				VALIDATE_PRODUCT = YES;
			};
			name = Release;
		};
		9C4245542A31D31300B6016B /* Debug */ = {
			isa = XCBuildConfiguration;
			buildSettings = {
				ASSETCATALOG_COMPILER_APPICON_NAME = AppIcon;
				ASSETCATALOG_COMPILER_GLOBAL_ACCENT_COLOR_NAME = AccentColor;
				CODE_SIGN_STYLE = Automatic;
				CURRENT_PROJECT_VERSION = 1;
				DEVELOPMENT_ASSET_PATHS = "\"tendableTest/Preview Content\"";
				DEVELOPMENT_TEAM = VCALP236VB;
				ENABLE_PREVIEWS = YES;
				GENERATE_INFOPLIST_FILE = YES;
				INFOPLIST_KEY_UIApplicationSceneManifest_Generation = YES;
				INFOPLIST_KEY_UIApplicationSupportsIndirectInputEvents = YES;
				INFOPLIST_KEY_UILaunchScreen_Generation = YES;
				INFOPLIST_KEY_UISupportedInterfaceOrientations_iPad = "UIInterfaceOrientationPortrait UIInterfaceOrientationPortraitUpsideDown UIInterfaceOrientationLandscapeLeft UIInterfaceOrientationLandscapeRight";
				INFOPLIST_KEY_UISupportedInterfaceOrientations_iPhone = "UIInterfaceOrientationPortrait UIInterfaceOrientationLandscapeLeft UIInterfaceOrientationLandscapeRight";
				IPHONEOS_DEPLOYMENT_TARGET = 14.1;
				LD_RUNPATH_SEARCH_PATHS = (
					"$(inherited)",
					"@executable_path/Frameworks",
				);
				MARKETING_VERSION = 1.0;
				PRODUCT_BUNDLE_IDENTIFIER = com.test.tendableTest;
				PRODUCT_NAME = "$(TARGET_NAME)";
				SWIFT_EMIT_LOC_STRINGS = YES;
				SWIFT_VERSION = 5.0;
				TARGETED_DEVICE_FAMILY = "1,2";
			};
			name = Debug;
		};
		9C4245552A31D31300B6016B /* Release */ = {
			isa = XCBuildConfiguration;
			buildSettings = {
				ASSETCATALOG_COMPILER_APPICON_NAME = AppIcon;
				ASSETCATALOG_COMPILER_GLOBAL_ACCENT_COLOR_NAME = AccentColor;
				CODE_SIGN_STYLE = Automatic;
				CURRENT_PROJECT_VERSION = 1;
				DEVELOPMENT_ASSET_PATHS = "\"tendableTest/Preview Content\"";
				DEVELOPMENT_TEAM = VCALP236VB;
				ENABLE_PREVIEWS = YES;
				GENERATE_INFOPLIST_FILE = YES;
				INFOPLIST_KEY_UIApplicationSceneManifest_Generation = YES;
				INFOPLIST_KEY_UIApplicationSupportsIndirectInputEvents = YES;
				INFOPLIST_KEY_UILaunchScreen_Generation = YES;
				INFOPLIST_KEY_UISupportedInterfaceOrientations_iPad = "UIInterfaceOrientationPortrait UIInterfaceOrientationPortraitUpsideDown UIInterfaceOrientationLandscapeLeft UIInterfaceOrientationLandscapeRight";
				INFOPLIST_KEY_UISupportedInterfaceOrientations_iPhone = "UIInterfaceOrientationPortrait UIInterfaceOrientationLandscapeLeft UIInterfaceOrientationLandscapeRight";
				IPHONEOS_DEPLOYMENT_TARGET = 14.1;
				LD_RUNPATH_SEARCH_PATHS = (
					"$(inherited)",
					"@executable_path/Frameworks",
				);
				MARKETING_VERSION = 1.0;
				PRODUCT_BUNDLE_IDENTIFIER = com.test.tendableTest;
				PRODUCT_NAME = "$(TARGET_NAME)";
				SWIFT_EMIT_LOC_STRINGS = YES;
				SWIFT_VERSION = 5.0;
				TARGETED_DEVICE_FAMILY = "1,2";
			};
			name = Release;
		};
		9C4245572A31D31300B6016B /* Debug */ = {
			isa = XCBuildConfiguration;
			buildSettings = {
				ALWAYS_EMBED_SWIFT_STANDARD_LIBRARIES = YES;
				BUNDLE_LOADER = "$(TEST_HOST)";
				CODE_SIGN_STYLE = Automatic;
				CURRENT_PROJECT_VERSION = 1;
				DEVELOPMENT_TEAM = VCALP236VB;
				GENERATE_INFOPLIST_FILE = YES;
				IPHONEOS_DEPLOYMENT_TARGET = 16.4;
				MARKETING_VERSION = 1.0;
				PRODUCT_BUNDLE_IDENTIFIER = com.test.tendableTestTests;
				PRODUCT_NAME = "$(TARGET_NAME)";
				SWIFT_EMIT_LOC_STRINGS = NO;
				SWIFT_VERSION = 5.0;
				TARGETED_DEVICE_FAMILY = "1,2";
				TEST_HOST = "$(BUILT_PRODUCTS_DIR)/tendableTest.app/$(BUNDLE_EXECUTABLE_FOLDER_PATH)/tendableTest";
			};
			name = Debug;
		};
		9C4245582A31D31300B6016B /* Release */ = {
			isa = XCBuildConfiguration;
			buildSettings = {
				ALWAYS_EMBED_SWIFT_STANDARD_LIBRARIES = YES;
				BUNDLE_LOADER = "$(TEST_HOST)";
				CODE_SIGN_STYLE = Automatic;
				CURRENT_PROJECT_VERSION = 1;
				DEVELOPMENT_TEAM = VCALP236VB;
				GENERATE_INFOPLIST_FILE = YES;
				IPHONEOS_DEPLOYMENT_TARGET = 16.4;
				MARKETING_VERSION = 1.0;
				PRODUCT_BUNDLE_IDENTIFIER = com.test.tendableTestTests;
				PRODUCT_NAME = "$(TARGET_NAME)";
				SWIFT_EMIT_LOC_STRINGS = NO;
				SWIFT_VERSION = 5.0;
				TARGETED_DEVICE_FAMILY = "1,2";
				TEST_HOST = "$(BUILT_PRODUCTS_DIR)/tendableTest.app/$(BUNDLE_EXECUTABLE_FOLDER_PATH)/tendableTest";
			};
			name = Release;
		};
		9C42455A2A31D31300B6016B /* Debug */ = {
			isa = XCBuildConfiguration;
			buildSettings = {
				ALWAYS_EMBED_SWIFT_STANDARD_LIBRARIES = YES;
				CODE_SIGN_STYLE = Automatic;
				CURRENT_PROJECT_VERSION = 1;
				DEVELOPMENT_TEAM = VCALP236VB;
				GENERATE_INFOPLIST_FILE = YES;
				MARKETING_VERSION = 1.0;
				PRODUCT_BUNDLE_IDENTIFIER = com.test.tendableTestUITests;
				PRODUCT_NAME = "$(TARGET_NAME)";
				SWIFT_EMIT_LOC_STRINGS = NO;
				SWIFT_VERSION = 5.0;
				TARGETED_DEVICE_FAMILY = "1,2";
				TEST_TARGET_NAME = tendableTest;
			};
			name = Debug;
		};
		9C42455B2A31D31300B6016B /* Release */ = {
			isa = XCBuildConfiguration;
			buildSettings = {
				ALWAYS_EMBED_SWIFT_STANDARD_LIBRARIES = YES;
				CODE_SIGN_STYLE = Automatic;
				CURRENT_PROJECT_VERSION = 1;
				DEVELOPMENT_TEAM = VCALP236VB;
				GENERATE_INFOPLIST_FILE = YES;
				MARKETING_VERSION = 1.0;
				PRODUCT_BUNDLE_IDENTIFIER = com.test.tendableTestUITests;
				PRODUCT_NAME = "$(TARGET_NAME)";
				SWIFT_EMIT_LOC_STRINGS = NO;
				SWIFT_VERSION = 5.0;
				TARGETED_DEVICE_FAMILY = "1,2";
				TEST_TARGET_NAME = tendableTest;
			};
			name = Release;
		};
/* End XCBuildConfiguration section */

/* Begin XCConfigurationList section */
		9C42452A2A31D31100B6016B /* Build configuration list for PBXProject "tendableTest" */ = {
			isa = XCConfigurationList;
			buildConfigurations = (
				9C4245512A31D31300B6016B /* Debug */,
				9C4245522A31D31300B6016B /* Release */,
			);
			defaultConfigurationIsVisible = 0;
			defaultConfigurationName = Release;
		};
		9C4245532A31D31300B6016B /* Build configuration list for PBXNativeTarget "tendableTest" */ = {
			isa = XCConfigurationList;
			buildConfigurations = (
				9C4245542A31D31300B6016B /* Debug */,
				9C4245552A31D31300B6016B /* Release */,
			);
			defaultConfigurationIsVisible = 0;
			defaultConfigurationName = Release;
		};
		9C4245562A31D31300B6016B /* Build configuration list for PBXNativeTarget "tendableTestTests" */ = {
			isa = XCConfigurationList;
			buildConfigurations = (
				9C4245572A31D31300B6016B /* Debug */,
				9C4245582A31D31300B6016B /* Release */,
			);
			defaultConfigurationIsVisible = 0;
			defaultConfigurationName = Release;
		};
		9C4245592A31D31300B6016B /* Build configuration list for PBXNativeTarget "tendableTestUITests" */ = {
			isa = XCConfigurationList;
			buildConfigurations = (
				9C42455A2A31D31300B6016B /* Debug */,
				9C42455B2A31D31300B6016B /* Release */,
			);
			defaultConfigurationIsVisible = 0;
			defaultConfigurationName = Release;
		};
/* End XCConfigurationList section */
	};
	rootObject = 9C4245272A31D31100B6016B /* Project object */;
}
